
Microsoft Visual Studio Solution File, Format Version 12.00
# Visual Studio Version 17
VisualStudioVersion = 17.0.31903.59
MinimumVisualStudioVersion = 10.0.40219.1
Project("{FAE04EC0-301F-11D3-BF4B-00C04F79EFBC}") = "Week4CW", "Week4CW\Week4CW.csproj", "{D12BFB24-BFA5-40FD-A8BF-B8E26CA47A57}"
EndProject
Project("{FAE04EC0-301F-11D3-BF4B-00C04F79EFBC}") = "M1_OOP_Assignment_20260217", "M1_OOP_Assignment_20260217\M1_OOP_Assignment_20260217.csproj", "{20EC7AB4-8C46-4AA7-BA66-0940AEF11B00}"
EndProject
Project("{FAE04EC0-301F-11D3-BF4B-00C04F79EFBC}") = "State", "State\State.csproj", "{44E02537-25B2-4D3C-AF71-7B9CD0414C35}"
EndProject
Project("{FAE04EC0-301F-11D3-BF4B-00C04F79EFBC}") = "EID", "EID\EID.csproj", "{CD8ADBF9-3DE2-4879-9F71-5648A57153CC}"
EndProject
Project("{FAE04EC0-301F-11D3-BF4B-00C04F79EFBC}") = "LINQ1", "LINQ1\LINQ1.csproj", "{661E5CC2-B101-45D9-9D8E-ECEA6569DF4F}"
EndProject
Project("{FAE04EC0-301F-11D3-BF4B-00C04F79EFBC}") = "W2CW_OOP", "W2CW_OOP\W2CW_OOP.csproj", "{B4EBDAA7-14B2-41D7-85EF-42F940D07E69}"
EndProject
Project("{2150E333-8FDC-42A3-9474-1A3956D46DE8}") = "W3CW_Copilot", "W3CW_Copilot", "{EC940E01-8515-EC16-C306-6FA7E3853A2A}"
EndProject
Project("{FAE04EC0-301F-11D3-BF4B-00C04F79EFBC}") = "W3CW_Copilot", "W3CW_Copilot\W3CW_Copilot.csproj", "{174D1827-0C87-4D78-974E-320C7E1243CF}"
EndProject
Project("{FAE04EC0-301F-11D3-BF4B-00C04F79EFBC}") = "Week5CW", "Week5CW\Week5CW.csproj", "{6D6C1013-2D2E-453A-A7D2-458B57A2306C}"
EndProject
Project("{FAE04EC0-301F-11D3-BF4B-00C04F79EFBC}") = "Collection", "Collection\Collection.csproj", "{F007C99A-705A-4577-9634-F075BA17562D}"
EndProject
Project("{FAE04EC0-301F-11D3-BF4B-00C04F79EFBC}") = "Week7CW", "Week7CW\Week7CW.csproj", "{FACAA247-7053-4DDF-9554-52CBA1043DEA}"
EndProject
Project("{FAE04EC0-301F-11D3-BF4B-00C04F79EFBC}") = "ThinqLinqProject", "ThinqLinqProject\ThinqLinqProject.csproj", "{CAF8CE06-E923-4F23-A468-4178CA8248A8}"
EndProject
Project("{FAE04EC0-301F-11D3-BF4B-00C04F79EFBC}") = "Week9CW", "Week9CW\Week9CW.csproj", "{71E40283-7F2E-4644-8F85-558069FEC6EA}"
EndProject
Project("{FAE04EC0-301F-11D3-BF4B-00C04F79EFBC}") = "SportsModelAssignment", "SportsModelAssignment\SportsModelAssignment.csproj", "{ABAF7636-D694-474C-90B3-1BDEB6C54ADD}"
EndProject
Project("{FAE04EC0-301F-11D3-BF4B-00C04F79EFBC}") = "SportsModel", "SportsModel\SportsModel.csproj", "{EACDB5D3-F06B-4AA2-B6E3-2780968B5EE3}"
EndProject
Project("{FAE04EC0-301F-11D3-BF4B-00C04F79EFBC}") = "SchoolModel", "SchoolModel\SchoolModel.csproj", "{6E412128-5A2C-4DCC-85FC-33C214394412}"
EndProject
Project("{FAE04EC0-301F-11D3-BF4B-00C04F79EFBC}") = "SchoolApp", "SchoolApp\SchoolApp.csproj", "{FC961390-29FF-4110-9914-FC81CFA29167}"
EndProject
Project("{FAE04EC0-301F-11D3-BF4B-00C04F79EFBC}") = "PetParkModel", "PetParkModel\PetParkModel.csproj", "{B2D01626-666C-41D0-B1D3-4C40C2E24C72}"
EndProject
Project("{FAE04EC0-301F-11D3-BF4B-00C04F79EFBC}") = "PetParkApp", "PetParkApp\PetParkApp.csproj", "{274BA885-B15A-4627-B593-844B237FD956}"
EndProject
Global
	GlobalSection(SolutionConfigurationPlatforms) = preSolution
		Debug|Any CPU = Debug|Any CPU
		Debug|x64 = Debug|x64
		Debug|x86 = Debug|x86
		Release|Any CPU = Release|Any CPU
		Release|x64 = Release|x64
		Release|x86 = Release|x86
	EndGlobalSection
	GlobalSection(ProjectConfigurationPlatforms) = postSolution
		{D12BFB24-BFA5-40FD-A8BF-B8E26CA47A57}.Debug|Any CPU.ActiveCfg = Debug|Any CPU
		{D12BFB24-BFA5-40FD-A8BF-B8E26CA47A57}.Debug|Any CPU.Build.0 = Debug|Any CPU
		{D12BFB24-BFA5-40FD-A8BF-B8E26CA47A57}.Debug|x64.ActiveCfg = Debug|Any CPU
		{D12BFB24-BFA5-40FD-A8BF-B8E26CA47A57}.Debug|x64.Build.0 = Debug|Any CPU
		{D12BFB24-BFA5-40FD-A8BF-B8E26CA47A57}.Debug|x86.ActiveCfg = Debug|Any CPU
		{D12BFB24-BFA5-40FD-A8BF-B8E26CA47A57}.Debug|x86.Build.0 = Debug|Any CPU
		{D12BFB24-BFA5-40FD-A8BF-B8E26CA47A57}.Release|Any CPU.ActiveCfg = Release|Any CPU
		{D12BFB24-BFA5-40FD-A8BF-B8E26CA47A57}.Release|Any CPU.Build.0 = Release|Any CPU
		{D12BFB24-BFA5-40FD-A8BF-B8E26CA47A57}.Release|x64.ActiveCfg = Release|Any CPU
		{D12BFB24-BFA5-40FD-A8BF-B8E26CA47A57}.Release|x64.Build.0 = Release|Any CPU
		{D12BFB24-BFA5-40FD-A8BF-B8E26CA47A57}.Release|x86.ActiveCfg = Release|Any CPU
		{D12BFB24-BFA5-40FD-A8BF-B8E26CA47A57}.Release|x86.Build.0 = Release|Any CPU
		{20EC7AB4-8C46-4AA7-BA66-0940AEF11B00}.Debug|Any CPU.ActiveCfg = Debug|Any CPU
		{20EC7AB4-8C46-4AA7-BA66-0940AEF11B00}.Debug|Any CPU.Build.0 = Debug|Any CPU
		{20EC7AB4-8C46-4AA7-BA66-0940AEF11B00}.Debug|x64.ActiveCfg = Debug|Any CPU
		{20EC7AB4-8C46-4AA7-BA66-0940AEF11B00}.Debug|x64.Build.0 = Debug|Any CPU
		{20EC7AB4-8C46-4AA7-BA66-0940AEF11B00}.Debug|x86.ActiveCfg = Debug|Any CPU
		{20EC7AB4-8C46-4AA7-BA66-0940AEF11B00}.Debug|x86.Build.0 = Debug|Any CPU
		{20EC7AB4-8C46-4AA7-BA66-0940AEF11B00}.Release|Any CPU.ActiveCfg = Release|Any CPU
		{20EC7AB4-8C46-4AA7-BA66-0940AEF11B00}.Release|Any CPU.Build.0 = Release|Any CPU
		{20EC7AB4-8C46-4AA7-BA66-0940AEF11B00}.Release|x64.ActiveCfg = Release|Any CPU
		{20EC7AB4-8C46-4AA7-BA66-0940AEF11B00}.Release|x64.Build.0 = Release|Any CPU
		{20EC7AB4-8C46-4AA7-BA66-0940AEF11B00}.Release|x86.ActiveCfg = Release|Any CPU
		{20EC7AB4-8C46-4AA7-BA66-0940AEF11B00}.Release|x86.Build.0 = Release|Any CPU
		{44E02537-25B2-4D3C-AF71-7B9CD0414C35}.Debug|Any CPU.ActiveCfg = Debug|Any CPU
		{44E02537-25B2-4D3C-AF71-7B9CD0414C35}.Debug|Any CPU.Build.0 = Debug|Any CPU
		{44E02537-25B2-4D3C-AF71-7B9CD0414C35}.Debug|x64.ActiveCfg = Debug|Any CPU
		{44E02537-25B2-4D3C-AF71-7B9CD0414C35}.Debug|x64.Build.0 = Debug|Any CPU
		{44E02537-25B2-4D3C-AF71-7B9CD0414C35}.Debug|x86.ActiveCfg = Debug|Any CPU
		{44E02537-25B2-4D3C-AF71-7B9CD0414C35}.Debug|x86.Build.0 = Debug|Any CPU
		{44E02537-25B2-4D3C-AF71-7B9CD0414C35}.Release|Any CPU.ActiveCfg = Release|Any CPU
		{44E02537-25B2-4D3C-AF71-7B9CD0414C35}.Release|Any CPU.Build.0 = Release|Any CPU
		{44E02537-25B2-4D3C-AF71-7B9CD0414C35}.Release|x64.ActiveCfg = Release|Any CPU
		{44E02537-25B2-4D3C-AF71-7B9CD0414C35}.Release|x64.Build.0 = Release|Any CPU
		{44E02537-25B2-4D3C-AF71-7B9CD0414C35}.Release|x86.ActiveCfg = Release|Any CPU
		{44E02537-25B2-4D3C-AF71-7B9CD0414C35}.Release|x86.Build.0 = Release|Any CPU
		{CD8ADBF9-3DE2-4879-9F71-5648A57153CC}.Debug|Any CPU.ActiveCfg = Debug|Any CPU
		{CD8ADBF9-3DE2-4879-9F71-5648A57153CC}.Debug|Any CPU.Build.0 = Debug|Any CPU
		{CD8ADBF9-3DE2-4879-9F71-5648A57153CC}.Debug|x64.ActiveCfg = Debug|Any CPU
		{CD8ADBF9-3DE2-4879-9F71-5648A57153CC}.Debug|x64.Build.0 = Debug|Any CPU
		{CD8ADBF9-3DE2-4879-9F71-5648A57153CC}.Debug|x86.ActiveCfg = Debug|Any CPU
		{CD8ADBF9-3DE2-4879-9F71-5648A57153CC}.Debug|x86.Build.0 = Debug|Any CPU
		{CD8ADBF9-3DE2-4879-9F71-5648A57153CC}.Release|Any CPU.ActiveCfg = Release|Any CPU
		{CD8ADBF9-3DE2-4879-9F71-5648A57153CC}.Release|Any CPU.Build.0 = Release|Any CPU
		{CD8ADBF9-3DE2-4879-9F71-5648A57153CC}.Release|x64.ActiveCfg = Release|Any CPU
		{CD8ADBF9-3DE2-4879-9F71-5648A57153CC}.Release|x64.Build.0 = Release|Any CPU
		{CD8ADBF9-3DE2-4879-9F71-5648A57153CC}.Release|x86.ActiveCfg = Release|Any CPU
		{CD8ADBF9-3DE2-4879-9F71-5648A57153CC}.Release|x86.Build.0 = Release|Any CPU
		{661E5CC2-B101-45D9-9D8E-ECEA6569DF4F}.Debug|Any CPU.ActiveCfg = Debug|Any CPU
		{661E5CC2-B101-45D9-9D8E-ECEA6569DF4F}.Debug|Any CPU.Build.0 = Debug|Any CPU
		{661E5CC2-B101-45D9-9D8E-ECEA6569DF4F}.Debug|x64.ActiveCfg = Debug|Any CPU
		{661E5CC2-B101-45D9-9D8E-ECEA6569DF4F}.Debug|x64.Build.0 = Debug|Any CPU
		{661E5CC2-B101-45D9-9D8E-ECEA6569DF4F}.Debug|x86.ActiveCfg = Debug|Any CPU
		{661E5CC2-B101-45D9-9D8E-ECEA6569DF4F}.Debug|x86.Build.0 = Debug|Any CPU
		{661E5CC2-B101-45D9-9D8E-ECEA6569DF4F}.Release|Any CPU.ActiveCfg = Release|Any CPU
		{661E5CC2-B101-45D9-9D8E-ECEA6569DF4F}.Release|Any CPU.Build.0 = Release|Any CPU
		{661E5CC2-B101-45D9-9D8E-ECEA6569DF4F}.Release|x64.ActiveCfg = Release|Any CPU
		{661E5CC2-B101-45D9-9D8E-ECEA6569DF4F}.Release|x64.Build.0 = Release|Any CPU
		{661E5CC2-B101-45D9-9D8E-ECEA6569DF4F}.Release|x86.ActiveCfg = Release|Any CPU
		{661E5CC2-B101-45D9-9D8E-ECEA6569DF4F}.Release|x86.Build.0 = Release|Any CPU
		{B4EBDAA7-14B2-41D7-85EF-42F940D07E69}.Debug|Any CPU.ActiveCfg = Debug|Any CPU
		{B4EBDAA7-14B2-41D7-85EF-42F940D07E69}.Debug|Any CPU.Build.0 = Debug|Any CPU
		{B4EBDAA7-14B2-41D7-85EF-42F940D07E69}.Debug|x64.ActiveCfg = Debug|Any CPU
		{B4EBDAA7-14B2-41D7-85EF-42F940D07E69}.Debug|x64.Build.0 = Debug|Any CPU
		{B4EBDAA7-14B2-41D7-85EF-42F940D07E69}.Debug|x86.ActiveCfg = Debug|Any CPU
		{B4EBDAA7-14B2-41D7-85EF-42F940D07E69}.Debug|x86.Build.0 = Debug|Any CPU
		{B4EBDAA7-14B2-41D7-85EF-42F940D07E69}.Release|Any CPU.ActiveCfg = Release|Any CPU
		{B4EBDAA7-14B2-41D7-85EF-42F940D07E69}.Release|Any CPU.Build.0 = Release|Any CPU
		{B4EBDAA7-14B2-41D7-85EF-42F940D07E69}.Release|x64.ActiveCfg = Release|Any CPU
		{B4EBDAA7-14B2-41D7-85EF-42F940D07E69}.Release|x64.Build.0 = Release|Any CPU
		{B4EBDAA7-14B2-41D7-85EF-42F940D07E69}.Release|x86.ActiveCfg = Release|Any CPU
		{B4EBDAA7-14B2-41D7-85EF-42F940D07E69}.Release|x86.Build.0 = Release|Any CPU
		{174D1827-0C87-4D78-974E-320C7E1243CF}.Debug|Any CPU.ActiveCfg = Debug|Any CPU
		{174D1827-0C87-4D78-974E-320C7E1243CF}.Debug|Any CPU.Build.0 = Debug|Any CPU
		{174D1827-0C87-4D78-974E-320C7E1243CF}.Debug|x64.ActiveCfg = Debug|Any CPU
		{174D1827-0C87-4D78-974E-320C7E1243CF}.Debug|x64.Build.0 = Debug|Any CPU
		{174D1827-0C87-4D78-974E-320C7E1243CF}.Debug|x86.ActiveCfg = Debug|Any CPU
		{174D1827-0C87-4D78-974E-320C7E1243CF}.Debug|x86.Build.0 = Debug|Any CPU
		{174D1827-0C87-4D78-974E-320C7E1243CF}.Release|Any CPU.ActiveCfg = Release|Any CPU
		{174D1827-0C87-4D78-974E-320C7E1243CF}.Release|Any CPU.Build.0 = Release|Any CPU
		{174D1827-0C87-4D78-974E-320C7E1243CF}.Release|x64.ActiveCfg = Release|Any CPU
		{174D1827-0C87-4D78-974E-320C7E1243CF}.Release|x64.Build.0 = Release|Any CPU
		{174D1827-0C87-4D78-974E-320C7E1243CF}.Release|x86.ActiveCfg = Release|Any CPU
		{174D1827-0C87-4D78-974E-320C7E1243CF}.Release|x86.Build.0 = Release|Any CPU
		{6D6C1013-2D2E-453A-A7D2-458B57A2306C}.Debug|Any CPU.ActiveCfg = Debug|Any CPU
		{6D6C1013-2D2E-453A-A7D2-458B57A2306C}.Debug|Any CPU.Build.0 = Debug|Any CPU
		{6D6C1013-2D2E-453A-A7D2-458B57A2306C}.Debug|x64.ActiveCfg = Debug|Any CPU
		{6D6C1013-2D2E-453A-A7D2-458B57A2306C}.Debug|x64.Build.0 = Debug|Any CPU
		{6D6C1013-2D2E-453A-A7D2-458B57A2306C}.Debug|x86.ActiveCfg = Debug|Any CPU
		{6D6C1013-2D2E-453A-A7D2-458B57A2306C}.Debug|x86.Build.0 = Debug|Any CPU
		{6D6C1013-2D2E-453A-A7D2-458B57A2306C}.Release|Any CPU.ActiveCfg = Release|Any CPU
		{6D6C1013-2D2E-453A-A7D2-458B57A2306C}.Release|Any CPU.Build.0 = Release|Any CPU
		{6D6C1013-2D2E-453A-A7D2-458B57A2306C}.Release|x64.ActiveCfg = Release|Any CPU
		{6D6C1013-2D2E-453A-A7D2-458B57A2306C}.Release|x64.Build.0 = Release|Any CPU
		{6D6C1013-2D2E-453A-A7D2-458B57A2306C}.Release|x86.ActiveCfg = Release|Any CPU
		{6D6C1013-2D2E-453A-A7D2-458B57A2306C}.Release|x86.Build.0 = Release|Any CPU
		{F007C99A-705A-4577-9634-F075BA17562D}.Debug|Any CPU.ActiveCfg = Debug|Any CPU
		{F007C99A-705A-4577-9634-F075BA17562D}.Debug|Any CPU.Build.0 = Debug|Any CPU
		{F007C99A-705A-4577-9634-F075BA17562D}.Debug|x64.ActiveCfg = Debug|Any CPU
		{F007C99A-705A-4577-9634-F075BA17562D}.Debug|x64.Build.0 = Debug|Any CPU
		{F007C99A-705A-4577-9634-F075BA17562D}.Debug|x86.ActiveCfg = Debug|Any CPU
		{F007C99A-705A-4577-9634-F075BA17562D}.Debug|x86.Build.0 = Debug|Any CPU
		{F007C99A-705A-4577-9634-F075BA17562D}.Release|Any CPU.ActiveCfg = Release|Any CPU
		{F007C99A-705A-4577-9634-F075BA17562D}.Release|Any CPU.Build.0 = Release|Any CPU
		{F007C99A-705A-4577-9634-F075BA17562D}.Release|x64.ActiveCfg = Release|Any CPU
		{F007C99A-705A-4577-9634-F075BA17562D}.Release|x64.Build.0 = Release|Any CPU
		{F007C99A-705A-4577-9634-F075BA17562D}.Release|x86.ActiveCfg = Release|Any CPU
		{F007C99A-705A-4577-9634-F075BA17562D}.Release|x86.Build.0 = Release|Any CPU
		{FACAA247-7053-4DDF-9554-52CBA1043DEA}.Debug|Any CPU.ActiveCfg = Debug|Any CPU
		{FACAA247-7053-4DDF-9554-52CBA1043DEA}.Debug|Any CPU.Build.0 = Debug|Any CPU
		{FACAA247-7053-4DDF-9554-52CBA1043DEA}.Debug|x64.ActiveCfg = Debug|Any CPU
		{FACAA247-7053-4DDF-9554-52CBA1043DEA}.Debug|x64.Build.0 = Debug|Any CPU
		{FACAA247-7053-4DDF-9554-52CBA1043DEA}.Debug|x86.ActiveCfg = Debug|Any CPU
		{FACAA247-7053-4DDF-9554-52CBA1043DEA}.Debug|x86.Build.0 = Debug|Any CPU
		{FACAA247-7053-4DDF-9554-52CBA1043DEA}.Release|Any CPU.ActiveCfg = Release|Any CPU
		{FACAA247-7053-4DDF-9554-52CBA1043DEA}.Release|Any CPU.Build.0 = Release|Any CPU
		{FACAA247-7053-4DDF-9554-52CBA1043DEA}.Release|x64.ActiveCfg = Release|Any CPU
		{FACAA247-7053-4DDF-9554-52CBA1043DEA}.Release|x64.Build.0 = Release|Any CPU
		{FACAA247-7053-4DDF-9554-52CBA1043DEA}.Release|x86.ActiveCfg = Release|Any CPU
		{FACAA247-7053-4DDF-9554-52CBA1043DEA}.Release|x86.Build.0 = Release|Any CPU
		{CAF8CE06-E923-4F23-A468-4178CA8248A8}.Debug|Any CPU.ActiveCfg = Debug|Any CPU
		{CAF8CE06-E923-4F23-A468-4178CA8248A8}.Debug|Any CPU.Build.0 = Debug|Any CPU
		{CAF8CE06-E923-4F23-A468-4178CA8248A8}.Debug|x64.ActiveCfg = Debug|Any CPU
		{CAF8CE06-E923-4F23-A468-4178CA8248A8}.Debug|x64.Build.0 = Debug|Any CPU
		{CAF8CE06-E923-4F23-A468-4178CA8248A8}.Debug|x86.ActiveCfg = Debug|Any CPU
		{CAF8CE06-E923-4F23-A468-4178CA8248A8}.Debug|x86.Build.0 = Debug|Any CPU
		{CAF8CE06-E923-4F23-A468-4178CA8248A8}.Release|Any CPU.ActiveCfg = Release|Any CPU
		{CAF8CE06-E923-4F23-A468-4178CA8248A8}.Release|Any CPU.Build.0 = Release|Any CPU
		{CAF8CE06-E923-4F23-A468-4178CA8248A8}.Release|x64.ActiveCfg = Release|Any CPU
		{CAF8CE06-E923-4F23-A468-4178CA8248A8}.Release|x64.Build.0 = Release|Any CPU
		{CAF8CE06-E923-4F23-A468-4178CA8248A8}.Release|x86.ActiveCfg = Release|Any CPU
		{CAF8CE06-E923-4F23-A468-4178CA8248A8}.Release|x86.Build.0 = Release|Any CPU
		{71E40283-7F2E-4644-8F85-558069FEC6EA}.Debug|Any CPU.ActiveCfg = Debug|Any CPU
		{71E40283-7F2E-4644-8F85-558069FEC6EA}.Debug|Any CPU.Build.0 = Debug|Any CPU
		{71E40283-7F2E-4644-8F85-558069FEC6EA}.Debug|x64.ActiveCfg = Debug|Any CPU
		{71E40283-7F2E-4644-8F85-558069FEC6EA}.Debug|x64.Build.0 = Debug|Any CPU
		{71E40283-7F2E-4644-8F85-558069FEC6EA}.Debug|x86.ActiveCfg = Debug|Any CPU
		{71E40283-7F2E-4644-8F85-558069FEC6EA}.Debug|x86.Build.0 = Debug|Any CPU
		{71E40283-7F2E-4644-8F85-558069FEC6EA}.Release|Any CPU.ActiveCfg = Release|Any CPU
		{71E40283-7F2E-4644-8F85-558069FEC6EA}.Release|Any CPU.Build.0 = Release|Any CPU
		{71E40283-7F2E-4644-8F85-558069FEC6EA}.Release|x64.ActiveCfg = Release|Any CPU
		{71E40283-7F2E-4644-8F85-558069FEC6EA}.Release|x64.Build.0 = Release|Any CPU
		{71E40283-7F2E-4644-8F85-558069FEC6EA}.Release|x86.ActiveCfg = Release|Any CPU
		{71E40283-7F2E-4644-8F85-558069FEC6EA}.Release|x86.Build.0 = Release|Any CPU
		{ABAF7636-D694-474C-90B3-1BDEB6C54ADD}.Debug|Any CPU.ActiveCfg = Debug|Any CPU
		{ABAF7636-D694-474C-90B3-1BDEB6C54ADD}.Debug|Any CPU.Build.0 = Debug|Any CPU
		{ABAF7636-D694-474C-90B3-1BDEB6C54ADD}.Debug|x64.ActiveCfg = Debug|Any CPU
		{ABAF7636-D694-474C-90B3-1BDEB6C54ADD}.Debug|x64.Build.0 = Debug|Any CPU
		{ABAF7636-D694-474C-90B3-1BDEB6C54ADD}.Debug|x86.ActiveCfg = Debug|Any CPU
		{ABAF7636-D694-474C-90B3-1BDEB6C54ADD}.Debug|x86.Build.0 = Debug|Any CPU
		{ABAF7636-D694-474C-90B3-1BDEB6C54ADD}.Release|Any CPU.ActiveCfg = Release|Any CPU
		{ABAF7636-D694-474C-90B3-1BDEB6C54ADD}.Release|Any CPU.Build.0 = Release|Any CPU
		{ABAF7636-D694-474C-90B3-1BDEB6C54ADD}.Release|x64.ActiveCfg = Release|Any CPU
		{ABAF7636-D694-474C-90B3-1BDEB6C54ADD}.Release|x64.Build.0 = Release|Any CPU
		{ABAF7636-D694-474C-90B3-1BDEB6C54ADD}.Release|x86.ActiveCfg = Release|Any CPU
		{ABAF7636-D694-474C-90B3-1BDEB6C54ADD}.Release|x86.Build.0 = Release|Any CPU
		{EACDB5D3-F06B-4AA2-B6E3-2780968B5EE3}.Debug|Any CPU.ActiveCfg = Debug|Any CPU
		{EACDB5D3-F06B-4AA2-B6E3-2780968B5EE3}.Debug|Any CPU.Build.0 = Debug|Any CPU
		{EACDB5D3-F06B-4AA2-B6E3-2780968B5EE3}.Debug|x64.ActiveCfg = Debug|Any CPU
		{EACDB5D3-F06B-4AA2-B6E3-2780968B5EE3}.Debug|x64.Build.0 = Debug|Any CPU
		{EACDB5D3-F06B-4AA2-B6E3-2780968B5EE3}.Debug|x86.ActiveCfg = Debug|Any CPU
		{EACDB5D3-F06B-4AA2-B6E3-2780968B5EE3}.Debug|x86.Build.0 = Debug|Any CPU
		{EACDB5D3-F06B-4AA2-B6E3-2780968B5EE3}.Release|Any CPU.ActiveCfg = Release|Any CPU
		{EACDB5D3-F06B-4AA2-B6E3-2780968B5EE3}.Release|Any CPU.Build.0 = Release|Any CPU
		{EACDB5D3-F06B-4AA2-B6E3-2780968B5EE3}.Release|x64.ActiveCfg = Release|Any CPU
		{EACDB5D3-F06B-4AA2-B6E3-2780968B5EE3}.Release|x64.Build.0 = Release|Any CPU
		{EACDB5D3-F06B-4AA2-B6E3-2780968B5EE3}.Release|x86.ActiveCfg = Release|Any CPU
		{EACDB5D3-F06B-4AA2-B6E3-2780968B5EE3}.Release|x86.Build.0 = Release|Any CPU
		{6E412128-5A2C-4DCC-85FC-33C214394412}.Debug|Any CPU.ActiveCfg = Debug|Any CPU
		{6E412128-5A2C-4DCC-85FC-33C214394412}.Debug|Any CPU.Build.0 = Debug|Any CPU
		{6E412128-5A2C-4DCC-85FC-33C214394412}.Debug|x64.ActiveCfg = Debug|Any CPU
		{6E412128-5A2C-4DCC-85FC-33C214394412}.Debug|x64.Build.0 = Debug|Any CPU
		{6E412128-5A2C-4DCC-85FC-33C214394412}.Debug|x86.ActiveCfg = Debug|Any CPU
		{6E412128-5A2C-4DCC-85FC-33C214394412}.Debug|x86.Build.0 = Debug|Any CPU
		{6E412128-5A2C-4DCC-85FC-33C214394412}.Release|Any CPU.ActiveCfg = Release|Any CPU
		{6E412128-5A2C-4DCC-85FC-33C214394412}.Release|Any CPU.Build.0 = Release|Any CPU
		{6E412128-5A2C-4DCC-85FC-33C214394412}.Release|x64.ActiveCfg = Release|Any CPU
		{6E412128-5A2C-4DCC-85FC-33C214394412}.Release|x64.Build.0 = Release|Any CPU
		{6E412128-5A2C-4DCC-85FC-33C214394412}.Release|x86.ActiveCfg = Release|Any CPU
		{6E412128-5A2C-4DCC-85FC-33C214394412}.Release|x86.Build.0 = Release|Any CPU
		{FC961390-29FF-4110-9914-FC81CFA29167}.Debug|Any CPU.ActiveCfg = Debug|Any CPU
		{FC961390-29FF-4110-9914-FC81CFA29167}.Debug|Any CPU.Build.0 = Debug|Any CPU
		{FC961390-29FF-4110-9914-FC81CFA29167}.Debug|x64.ActiveCfg = Debug|Any CPU
		{FC961390-29FF-4110-9914-FC81CFA29167}.Debug|x64.Build.0 = Debug|Any CPU
		{FC961390-29FF-4110-9914-FC81CFA29167}.Debug|x86.ActiveCfg = Debug|Any CPU
		{FC961390-29FF-4110-9914-FC81CFA29167}.Debug|x86.Build.0 = Debug|Any CPU
		{FC961390-29FF-4110-9914-FC81CFA29167}.Release|Any CPU.ActiveCfg = Release|Any CPU
		{FC961390-29FF-4110-9914-FC81CFA29167}.Release|Any CPU.Build.0 = Release|Any CPU
		{FC961390-29FF-4110-9914-FC81CFA29167}.Release|x64.ActiveCfg = Release|Any CPU
		{FC961390-29FF-4110-9914-FC81CFA29167}.Release|x64.Build.0 = Release|Any CPU
		{FC961390-29FF-4110-9914-FC81CFA29167}.Release|x86.ActiveCfg = Release|Any CPU
		{FC961390-29FF-4110-9914-FC81CFA29167}.Release|x86.Build.0 = Release|Any CPU
		{B2D01626-666C-41D0-B1D3-4C40C2E24C72}.Debug|Any CPU.ActiveCfg = Debug|Any CPU
		{B2D01626-666C-41D0-B1D3-4C40C2E24C72}.Debug|Any CPU.Build.0 = Debug|Any CPU
		{B2D01626-666C-41D0-B1D3-4C40C2E24C72}.Debug|x64.ActiveCfg = Debug|Any CPU
		{B2D01626-666C-41D0-B1D3-4C40C2E24C72}.Debug|x64.Build.0 = Debug|Any CPU
		{B2D01626-666C-41D0-B1D3-4C40C2E24C72}.Debug|x86.ActiveCfg = Debug|Any CPU
		{B2D01626-666C-41D0-B1D3-4C40C2E24C72}.Debug|x86.Build.0 = Debug|Any CPU
		{B2D01626-666C-41D0-B1D3-4C40C2E24C72}.Release|Any CPU.ActiveCfg = Release|Any CPU
		{B2D01626-666C-41D0-B1D3-4C40C2E24C72}.Release|Any CPU.Build.0 = Release|Any CPU
		{B2D01626-666C-41D0-B1D3-4C40C2E24C72}.Release|x64.ActiveCfg = Release|Any CPU
		{B2D01626-666C-41D0-B1D3-4C40C2E24C72}.Release|x64.Build.0 = Release|Any CPU
		{B2D01626-666C-41D0-B1D3-4C40C2E24C72}.Release|x86.ActiveCfg = Release|Any CPU
		{B2D01626-666C-41D0-B1D3-4C40C2E24C72}.Release|x86.Build.0 = Release|Any CPU
		{274BA885-B15A-4627-B593-844B237FD956}.Debug|Any CPU.ActiveCfg = Debug|Any CPU
		{274BA885-B15A-4627-B593-844B237FD956}.Debug|Any CPU.Build.0 = Debug|Any CPU
		{274BA885-B15A-4627-B593-844B237FD956}.Debug|x64.ActiveCfg = Debug|Any CPU
		{274BA885-B15A-4627-B593-844B237FD956}.Debug|x64.Build.0 = Debug|Any CPU
		{274BA885-B15A-4627-B593-844B237FD956}.Debug|x86.ActiveCfg = Debug|Any CPU
		{274BA885-B15A-4627-B593-844B237FD956}.Debug|x86.Build.0 = Debug|Any CPU
		{274BA885-B15A-4627-B593-844B237FD956}.Release|Any CPU.ActiveCfg = Release|Any CPU
		{274BA885-B15A-4627-B593-844B237FD956}.Release|Any CPU.Build.0 = Release|Any CPU
		{274BA885-B15A-4627-B593-844B237FD956}.Release|x64.ActiveCfg = Release|Any CPU
		{274BA885-B15A-4627-B593-844B237FD956}.Release|x64.Build.0 = Release|Any CPU
		{274BA885-B15A-4627-B593-844B237FD956}.Release|x86.ActiveCfg = Release|Any CPU
		{274BA885-B15A-4627-B593-844B237FD956}.Release|x86.Build.0 = Release|Any CPU
	EndGlobalSection
	GlobalSection(SolutionProperties) = preSolution
		HideSolutionNode = FALSE
	EndGlobalSection
	GlobalSection(NestedProjects) = preSolution
		{174D1827-0C87-4D78-974E-320C7E1243CF} = {EC940E01-8515-EC16-C306-6FA7E3853A2A}
	EndGlobalSection
EndGlobal
